
Microsoft Visual Studio Solution File, Format Version 12.00
# Visual Studio 15
VisualStudioVersion = 15.0.26730.16
MinimumVisualStudioVersion = 10.0.40219.1
Project("{FAE04EC0-301F-11D3-BF4B-00C04F79EFBC}") = "Web", "Web\Web.csproj", "{72B70905-89E2-42E9-B64E-D87BB7CB575F}"
EndProject
Global
	GlobalSection(SolutionConfigurationPlatforms) = preSolution
		Debug|Any CPU = Debug|Any CPU
		Release|Any CPU = Release|Any CPU
	EndGlobalSection
	GlobalSection(ProjectConfigurationPlatforms) = postSolution
		{72B70905-89E2-42E9-B64E-D87BB7CB575F}.Debug|Any CPU.ActiveCfg = Debug|Any CPU
		{72B70905-89E2-42E9-B64E-D87BB7CB575F}.Debug|Any CPU.Build.0 = Debug|Any CPU
		{72B70905-89E2-42E9-B64E-D87BB7CB575F}.Release|Any CPU.ActiveCfg = Release|Any CPU
		{72B70905-89E2-42E9-B64E-D87BB7CB575F}.Release|Any CPU.Build.0 = Release|Any CPU
	EndGlobalSection
	GlobalSection(SolutionProperties) = preSolution
		HideSolutionNode = FALSE
	EndGlobalSection
	GlobalSection(ExtensibilityGlobals) = postSolution
		SolutionGuid = {C43ABD4D-33FA-45B2-B188-534956674590}
	EndGlobalSection
EndGlobal
